
Microsoft Visual Studio Solution File, Format Version 12.00
# Visual Studio Version 17
VisualStudioVersion = 17.3.32929.385
MinimumVisualStudioVersion = 10.0.40219.1
Project("{FAE04EC0-301F-11D3-BF4B-00C04F79EFBC}") = "quiz", "quiz\quiz.csproj", "{1C7F86BB-8F56-4744-AD96-1124BFA421EF}"
EndProject
Project("{FAE04EC0-301F-11D3-BF4B-00C04F79EFBC}") = "Buttons", "Buttons\Buttons.csproj", "{B0158533-184B-4684-AADD-11E50B176FCE}"
EndProject
Global
	GlobalSection(SolutionConfigurationPlatforms) = preSolution
		Debug|Any CPU = Debug|Any CPU
		Release|Any CPU = Release|Any CPU
	EndGlobalSection
	GlobalSection(ProjectConfigurationPlatforms) = postSolution
		{1C7F86BB-8F56-4744-AD96-1124BFA421EF}.Debug|Any CPU.ActiveCfg = Debug|Any CPU
		{1C7F86BB-8F56-4744-AD96-1124BFA421EF}.Debug|Any CPU.Build.0 = Debug|Any CPU
		{1C7F86BB-8F56-4744-AD96-1124BFA421EF}.Release|Any CPU.ActiveCfg = Release|Any CPU
		{1C7F86BB-8F56-4744-AD96-1124BFA421EF}.Release|Any CPU.Build.0 = Release|Any CPU
		{B0158533-184B-4684-AADD-11E50B176FCE}.Debug|Any CPU.ActiveCfg = Debug|Any CPU
		{B0158533-184B-4684-AADD-11E50B176FCE}.Debug|Any CPU.Build.0 = Debug|Any CPU
		{B0158533-184B-4684-AADD-11E50B176FCE}.Release|Any CPU.ActiveCfg = Release|Any CPU
		{B0158533-184B-4684-AADD-11E50B176FCE}.Release|Any CPU.Build.0 = Release|Any CPU
	EndGlobalSection
	GlobalSection(SolutionProperties) = preSolution
		HideSolutionNode = FALSE
	EndGlobalSection
	GlobalSection(ExtensibilityGlobals) = postSolution
		SolutionGuid = {2A50724B-2214-4ED8-A5F2-802245053A07}
	EndGlobalSection
EndGlobal
